
Microsoft Visual Studio Solution File, Format Version 12.00
# Visual Studio Version 16
VisualStudioVersion = 16.0.30309.148
MinimumVisualStudioVersion = 10.0.40219.1
Project("{2150E333-8FDC-42A3-9474-1A3956D46DE8}") = "Presentation", "Presentation", "{02F58223-1D95-4859-9F5E-931B1277C374}"
EndProject
Project("{2150E333-8FDC-42A3-9474-1A3956D46DE8}") = "Infrastructure.Bus", "Infrastructure.Bus", "{B3A12C73-A118-46AB-B689-53C40A756F74}"
EndProject
Project("{2150E333-8FDC-42A3-9474-1A3956D46DE8}") = "Infrastructure.IOC", "Infrastructure.IOC", "{ABD15E60-6880-4B59-94A6-C5129525F842}"
EndProject
Project("{2150E333-8FDC-42A3-9474-1A3956D46DE8}") = "Microservices", "Microservices", "{D4DCDDF6-AC3F-4D79-90DB-C1724EBB95EE}"
EndProject
Project("{2150E333-8FDC-42A3-9474-1A3956D46DE8}") = "Domain", "Domain", "{CA1BF9ED-E559-4D41-B275-A9E505B7CB4B}"
EndProject
Project("{9A19103F-16F7-4668-BE54-9A1E7A4F7556}") = "Domain.Core", "Domain\Domain.Core\Domain.Core.csproj", "{6E8F47F9-8BD1-4F8A-B815-6D14A9BCBB23}"
EndProject
Project("{9A19103F-16F7-4668-BE54-9A1E7A4F7556}") = "Bus.RabbitMQ", "Infrastructure.Bus\Bus.RabbitMQ\Bus.RabbitMQ.csproj", "{A069636A-1D7E-467C-930D-45438A53088B}"
EndProject
Project("{9A19103F-16F7-4668-BE54-9A1E7A4F7556}") = "IoC", "Infrastructure.IOC\IoC\IoC.csproj", "{4F8E6207-8BF1-43B7-9234-7F8639CFDDC8}"
EndProject
Project("{2150E333-8FDC-42A3-9474-1A3956D46DE8}") = "Banking", "Banking", "{8B41475F-598A-4F9C-88A0-C47CD2E9FF17}"
EndProject
Project("{2150E333-8FDC-42A3-9474-1A3956D46DE8}") = "Api", "Api", "{B21CC491-BC6E-471F-A6BE-E4CCA3B477F7}"
EndProject
Project("{2150E333-8FDC-42A3-9474-1A3956D46DE8}") = "Application", "Application", "{4A694416-66C5-4EB1-A24C-CC27D56F25EF}"
EndProject
Project("{2150E333-8FDC-42A3-9474-1A3956D46DE8}") = "Data", "Data", "{B7994E96-0AC9-4DC9-A9A5-65AB451DFCF9}"
EndProject
Project("{2150E333-8FDC-42A3-9474-1A3956D46DE8}") = "Domain", "Domain", "{87A760BE-5526-498C-93F8-D46884C850B7}"
EndProject
Project("{9A19103F-16F7-4668-BE54-9A1E7A4F7556}") = "Banking.Api", "Microservices\Banking\Api\Banking.Api\Banking.Api.csproj", "{A15DD728-FF9B-419E-9407-732E66BF2674}"
EndProject
Project("{9A19103F-16F7-4668-BE54-9A1E7A4F7556}") = "Banking.Application", "Microservices\Banking\Application\Banking.Application\Banking.Application.csproj", "{B36C91C2-89A0-4915-BE28-B00FC64A6A95}"
EndProject
Project("{9A19103F-16F7-4668-BE54-9A1E7A4F7556}") = "Banking.Data", "Microservices\Banking\Data\Banking.Data\Banking.Data.csproj", "{4D6F3C12-F509-4F65-9E6F-47C37EB187BC}"
EndProject
Project("{9A19103F-16F7-4668-BE54-9A1E7A4F7556}") = "Banking.Domain", "Microservices\Banking\Domain\Banking.Domain\Banking.Domain.csproj", "{0CA4A2E1-954E-4112-8E4B-F9AC3CE4CC55}"
EndProject
Project("{2150E333-8FDC-42A3-9474-1A3956D46DE8}") = "Transfer", "Transfer", "{D4C7FEB4-796E-477C-A441-DFC6697C661D}"
EndProject
Project("{2150E333-8FDC-42A3-9474-1A3956D46DE8}") = "Api", "Api", "{D9826A4B-B5D7-4D25-B995-66E297B89F1B}"
EndProject
Project("{2150E333-8FDC-42A3-9474-1A3956D46DE8}") = "Application", "Application", "{5CF65B16-5297-443D-87B4-096DAE282390}"
EndProject
Project("{2150E333-8FDC-42A3-9474-1A3956D46DE8}") = "Data", "Data", "{2C86ED98-DDEE-41EB-B576-CCC42B734E24}"
EndProject
Project("{2150E333-8FDC-42A3-9474-1A3956D46DE8}") = "Domain", "Domain", "{D234512E-477B-4967-9697-536D1DB5F2C3}"
EndProject
Global
	GlobalSection(SolutionConfigurationPlatforms) = preSolution
		Debug|Any CPU = Debug|Any CPU
		Release|Any CPU = Release|Any CPU
	EndGlobalSection
	GlobalSection(ProjectConfigurationPlatforms) = postSolution
		{6E8F47F9-8BD1-4F8A-B815-6D14A9BCBB23}.Debug|Any CPU.ActiveCfg = Debug|Any CPU
		{6E8F47F9-8BD1-4F8A-B815-6D14A9BCBB23}.Debug|Any CPU.Build.0 = Debug|Any CPU
		{6E8F47F9-8BD1-4F8A-B815-6D14A9BCBB23}.Release|Any CPU.ActiveCfg = Release|Any CPU
		{6E8F47F9-8BD1-4F8A-B815-6D14A9BCBB23}.Release|Any CPU.Build.0 = Release|Any CPU
		{A069636A-1D7E-467C-930D-45438A53088B}.Debug|Any CPU.ActiveCfg = Debug|Any CPU
		{A069636A-1D7E-467C-930D-45438A53088B}.Debug|Any CPU.Build.0 = Debug|Any CPU
		{A069636A-1D7E-467C-930D-45438A53088B}.Release|Any CPU.ActiveCfg = Release|Any CPU
		{A069636A-1D7E-467C-930D-45438A53088B}.Release|Any CPU.Build.0 = Release|Any CPU
		{4F8E6207-8BF1-43B7-9234-7F8639CFDDC8}.Debug|Any CPU.ActiveCfg = Debug|Any CPU
		{4F8E6207-8BF1-43B7-9234-7F8639CFDDC8}.Debug|Any CPU.Build.0 = Debug|Any CPU
		{4F8E6207-8BF1-43B7-9234-7F8639CFDDC8}.Release|Any CPU.ActiveCfg = Release|Any CPU
		{4F8E6207-8BF1-43B7-9234-7F8639CFDDC8}.Release|Any CPU.Build.0 = Release|Any CPU
		{A15DD728-FF9B-419E-9407-732E66BF2674}.Debug|Any CPU.ActiveCfg = Debug|Any CPU
		{A15DD728-FF9B-419E-9407-732E66BF2674}.Debug|Any CPU.Build.0 = Debug|Any CPU
		{A15DD728-FF9B-419E-9407-732E66BF2674}.Release|Any CPU.ActiveCfg = Release|Any CPU
		{A15DD728-FF9B-419E-9407-732E66BF2674}.Release|Any CPU.Build.0 = Release|Any CPU
		{B36C91C2-89A0-4915-BE28-B00FC64A6A95}.Debug|Any CPU.ActiveCfg = Debug|Any CPU
		{B36C91C2-89A0-4915-BE28-B00FC64A6A95}.Debug|Any CPU.Build.0 = Debug|Any CPU
		{B36C91C2-89A0-4915-BE28-B00FC64A6A95}.Release|Any CPU.ActiveCfg = Release|Any CPU
		{B36C91C2-89A0-4915-BE28-B00FC64A6A95}.Release|Any CPU.Build.0 = Release|Any CPU
		{4D6F3C12-F509-4F65-9E6F-47C37EB187BC}.Debug|Any CPU.ActiveCfg = Debug|Any CPU
		{4D6F3C12-F509-4F65-9E6F-47C37EB187BC}.Debug|Any CPU.Build.0 = Debug|Any CPU
		{4D6F3C12-F509-4F65-9E6F-47C37EB187BC}.Release|Any CPU.ActiveCfg = Release|Any CPU
		{4D6F3C12-F509-4F65-9E6F-47C37EB187BC}.Release|Any CPU.Build.0 = Release|Any CPU
		{0CA4A2E1-954E-4112-8E4B-F9AC3CE4CC55}.Debug|Any CPU.ActiveCfg = Debug|Any CPU
		{0CA4A2E1-954E-4112-8E4B-F9AC3CE4CC55}.Debug|Any CPU.Build.0 = Debug|Any CPU
		{0CA4A2E1-954E-4112-8E4B-F9AC3CE4CC55}.Release|Any CPU.ActiveCfg = Release|Any CPU
		{0CA4A2E1-954E-4112-8E4B-F9AC3CE4CC55}.Release|Any CPU.Build.0 = Release|Any CPU
	EndGlobalSection
	GlobalSection(SolutionProperties) = preSolution
		HideSolutionNode = FALSE
	EndGlobalSection
	GlobalSection(NestedProjects) = preSolution
		{6E8F47F9-8BD1-4F8A-B815-6D14A9BCBB23} = {CA1BF9ED-E559-4D41-B275-A9E505B7CB4B}
		{A069636A-1D7E-467C-930D-45438A53088B} = {B3A12C73-A118-46AB-B689-53C40A756F74}
		{4F8E6207-8BF1-43B7-9234-7F8639CFDDC8} = {ABD15E60-6880-4B59-94A6-C5129525F842}
		{8B41475F-598A-4F9C-88A0-C47CD2E9FF17} = {D4DCDDF6-AC3F-4D79-90DB-C1724EBB95EE}
		{B21CC491-BC6E-471F-A6BE-E4CCA3B477F7} = {8B41475F-598A-4F9C-88A0-C47CD2E9FF17}
		{4A694416-66C5-4EB1-A24C-CC27D56F25EF} = {8B41475F-598A-4F9C-88A0-C47CD2E9FF17}
		{B7994E96-0AC9-4DC9-A9A5-65AB451DFCF9} = {8B41475F-598A-4F9C-88A0-C47CD2E9FF17}
		{87A760BE-5526-498C-93F8-D46884C850B7} = {8B41475F-598A-4F9C-88A0-C47CD2E9FF17}
		{A15DD728-FF9B-419E-9407-732E66BF2674} = {B21CC491-BC6E-471F-A6BE-E4CCA3B477F7}
		{B36C91C2-89A0-4915-BE28-B00FC64A6A95} = {4A694416-66C5-4EB1-A24C-CC27D56F25EF}
		{4D6F3C12-F509-4F65-9E6F-47C37EB187BC} = {B7994E96-0AC9-4DC9-A9A5-65AB451DFCF9}
		{0CA4A2E1-954E-4112-8E4B-F9AC3CE4CC55} = {87A760BE-5526-498C-93F8-D46884C850B7}
		{D4C7FEB4-796E-477C-A441-DFC6697C661D} = {D4DCDDF6-AC3F-4D79-90DB-C1724EBB95EE}
		{D9826A4B-B5D7-4D25-B995-66E297B89F1B} = {D4C7FEB4-796E-477C-A441-DFC6697C661D}
		{5CF65B16-5297-443D-87B4-096DAE282390} = {D4C7FEB4-796E-477C-A441-DFC6697C661D}
		{2C86ED98-DDEE-41EB-B576-CCC42B734E24} = {D4C7FEB4-796E-477C-A441-DFC6697C661D}
		{D234512E-477B-4967-9697-536D1DB5F2C3} = {D4C7FEB4-796E-477C-A441-DFC6697C661D}
	EndGlobalSection
	GlobalSection(ExtensibilityGlobals) = postSolution
		SolutionGuid = {100FCCD0-5EAA-4615-A199-10F9786EEC65}
	EndGlobalSection
EndGlobal
