
Microsoft Visual Studio Solution File, Format Version 12.00
# Visual Studio Version 16
VisualStudioVersion = 16.0.30309.148
MinimumVisualStudioVersion = 10.0.40219.1
Project("{2150E333-8FDC-42A3-9474-1A3956D46DE8}") = "Presentation", "Presentation", "{02F58223-1D95-4859-9F5E-931B1277C374}"
EndProject
Project("{2150E333-8FDC-42A3-9474-1A3956D46DE8}") = "Infrastructure.Bus", "Infrastructure.Bus", "{B3A12C73-A118-46AB-B689-53C40A756F74}"
EndProject
Project("{2150E333-8FDC-42A3-9474-1A3956D46DE8}") = "Infrastructure.IOC", "Infrastructure.IOC", "{ABD15E60-6880-4B59-94A6-C5129525F842}"
EndProject
Project("{2150E333-8FDC-42A3-9474-1A3956D46DE8}") = "Microservices", "Microservices", "{D4DCDDF6-AC3F-4D79-90DB-C1724EBB95EE}"
EndProject
Project("{2150E333-8FDC-42A3-9474-1A3956D46DE8}") = "Domain", "Domain", "{CA1BF9ED-E559-4D41-B275-A9E505B7CB4B}"
EndProject
Project("{9A19103F-16F7-4668-BE54-9A1E7A4F7556}") = "Domain.Core", "Domain\Domain.Core\Domain.Core.csproj", "{6E8F47F9-8BD1-4F8A-B815-6D14A9BCBB23}"
EndProject
Project("{9A19103F-16F7-4668-BE54-9A1E7A4F7556}") = "Bus.RabbitMQ", "Infrastructure.Bus\Bus.RabbitMQ\Bus.RabbitMQ.csproj", "{A069636A-1D7E-467C-930D-45438A53088B}"
EndProject
Global
	GlobalSection(SolutionConfigurationPlatforms) = preSolution
		Debug|Any CPU = Debug|Any CPU
		Release|Any CPU = Release|Any CPU
	EndGlobalSection
	GlobalSection(ProjectConfigurationPlatforms) = postSolution
		{6E8F47F9-8BD1-4F8A-B815-6D14A9BCBB23}.Debug|Any CPU.ActiveCfg = Debug|Any CPU
		{6E8F47F9-8BD1-4F8A-B815-6D14A9BCBB23}.Debug|Any CPU.Build.0 = Debug|Any CPU
		{6E8F47F9-8BD1-4F8A-B815-6D14A9BCBB23}.Release|Any CPU.ActiveCfg = Release|Any CPU
		{6E8F47F9-8BD1-4F8A-B815-6D14A9BCBB23}.Release|Any CPU.Build.0 = Release|Any CPU
		{A069636A-1D7E-467C-930D-45438A53088B}.Debug|Any CPU.ActiveCfg = Debug|Any CPU
		{A069636A-1D7E-467C-930D-45438A53088B}.Debug|Any CPU.Build.0 = Debug|Any CPU
		{A069636A-1D7E-467C-930D-45438A53088B}.Release|Any CPU.ActiveCfg = Release|Any CPU
		{A069636A-1D7E-467C-930D-45438A53088B}.Release|Any CPU.Build.0 = Release|Any CPU
	EndGlobalSection
	GlobalSection(SolutionProperties) = preSolution
		HideSolutionNode = FALSE
	EndGlobalSection
	GlobalSection(NestedProjects) = preSolution
		{6E8F47F9-8BD1-4F8A-B815-6D14A9BCBB23} = {CA1BF9ED-E559-4D41-B275-A9E505B7CB4B}
		{A069636A-1D7E-467C-930D-45438A53088B} = {B3A12C73-A118-46AB-B689-53C40A756F74}
	EndGlobalSection
	GlobalSection(ExtensibilityGlobals) = postSolution
		SolutionGuid = {100FCCD0-5EAA-4615-A199-10F9786EEC65}
	EndGlobalSection
EndGlobal
